// !$*UTF8*$!
{
	archiveVersion = 1;
	classes = {
	};
	objectVersion = 46;
	objects = {

/* Begin PBXBuildFile section */
		B88EC55F1EACF13400892B0E /* ScrollViewController.swift in Sources */ = {isa = PBXBuildFile; fileRef = B88EC55E1EACF13400892B0E /* ScrollViewController.swift */; };
		B893322B1EACEA1700F216DD /* AppDelegate.swift in Sources */ = {isa = PBXBuildFile; fileRef = B893322A1EACEA1700F216DD /* AppDelegate.swift */; };
		B893322D1EACEA1700F216DD /* ViewController.swift in Sources */ = {isa = PBXBuildFile; fileRef = B893322C1EACEA1700F216DD /* ViewController.swift */; };
		B89332301EACEA1700F216DD /* Main.storyboard in Resources */ = {isa = PBXBuildFile; fileRef = B893322E1EACEA1700F216DD /* Main.storyboard */; };
		B89332321EACEA1700F216DD /* Assets.xcassets in Resources */ = {isa = PBXBuildFile; fileRef = B89332311EACEA1700F216DD /* Assets.xcassets */; };
		B89332351EACEA1700F216DD /* LaunchScreen.storyboard in Resources */ = {isa = PBXBuildFile; fileRef = B89332331EACEA1700F216DD /* LaunchScreen.storyboard */; };
		B893323D1EACEB4900F216DD /* ImageCollectionViewCell.swift in Sources */ = {isa = PBXBuildFile; fileRef = B893323C1EACEB4900F216DD /* ImageCollectionViewCell.swift */; };
/* End PBXBuildFile section */

/* Begin PBXFileReference section */
		B88EC55E1EACF13400892B0E /* ScrollViewController.swift */ = {isa = PBXFileReference; fileEncoding = 4; lastKnownFileType = sourcecode.swift; path = ScrollViewController.swift; sourceTree = "<group>"; };
		B89332271EACEA1700F216DD /* Day3_3.app */ = {isa = PBXFileReference; explicitFileType = wrapper.application; includeInIndex = 0; path = Day3_3.app; sourceTree = BUILT_PRODUCTS_DIR; };
		B893322A1EACEA1700F216DD /* AppDelegate.swift */ = {isa = PBXFileReference; lastKnownFileType = sourcecode.swift; path = AppDelegate.swift; sourceTree = "<group>"; };
		B893322C1EACEA1700F216DD /* ViewController.swift */ = {isa = PBXFileReference; lastKnownFileType = sourcecode.swift; path = ViewController.swift; sourceTree = "<group>"; };
		B893322F1EACEA1700F216DD /* Base */ = {isa = PBXFileReference; lastKnownFileType = file.storyboard; name = Base; path = Base.lproj/Main.storyboard; sourceTree = "<group>"; };
		B89332311EACEA1700F216DD /* Assets.xcassets */ = {isa = PBXFileReference; lastKnownFileType = folder.assetcatalog; path = Assets.xcassets; sourceTree = "<group>"; };
		B89332341EACEA1700F216DD /* Base */ = {isa = PBXFileReference; lastKnownFileType = file.storyboard; name = Base; path = Base.lproj/LaunchScreen.storyboard; sourceTree = "<group>"; };
		B89332361EACEA1700F216DD /* Info.plist */ = {isa = PBXFileReference; lastKnownFileType = text.plist.xml; path = Info.plist; sourceTree = "<group>"; };
		B893323C1EACEB4900F216DD /* ImageCollectionViewCell.swift */ = {isa = PBXFileReference; fileEncoding = 4; lastKnownFileType = sourcecode.swift; path = ImageCollectionViewCell.swift; sourceTree = "<group>"; };
/* End PBXFileReference section */

/* Begin PBXFrameworksBuildPhase section */
		B89332241EACEA1700F216DD /* Frameworks */ = {
			isa = PBXFrameworksBuildPhase;
			buildActionMask = 2147483647;
			files = (
			);
			runOnlyForDeploymentPostprocessing = 0;
		};
/* End PBXFrameworksBuildPhase section */

/* Begin PBXGroup section */
		B893321E1EACEA1700F216DD = {
			isa = PBXGroup;
			children = (
				B89332291EACEA1700F216DD /* Day3_3 */,
				B89332281EACEA1700F216DD /* Products */,
			);
			sourceTree = "<group>";
		};
		B89332281EACEA1700F216DD /* Products */ = {
			isa = PBXGroup;
			children = (
				B89332271EACEA1700F216DD /* Day3_3.app */,
			);
			name = Products;
			sourceTree = "<group>";
		};
		B89332291EACEA1700F216DD /* Day3_3 */ = {
			isa = PBXGroup;
			children = (
				B893322A1EACEA1700F216DD /* AppDelegate.swift */,
				B893322C1EACEA1700F216DD /* ViewController.swift */,
				B893322E1EACEA1700F216DD /* Main.storyboard */,
				B89332311EACEA1700F216DD /* Assets.xcassets */,
				B89332331EACEA1700F216DD /* LaunchScreen.storyboard */,
				B89332361EACEA1700F216DD /* Info.plist */,
				B893323C1EACEB4900F216DD /* ImageCollectionViewCell.swift */,
				B88EC55E1EACF13400892B0E /* ScrollViewController.swift */,
			);
			path = Day3_3;
			sourceTree = "<group>";
		};
/* End PBXGroup section */

/* Begin PBXNativeTarget section */
		B89332261EACEA1700F216DD /* Day3_3 */ = {
			isa = PBXNativeTarget;
			buildConfigurationList = B89332391EACEA1700F216DD /* Build configuration list for PBXNativeTarget "Day3_3" */;
			buildPhases = (
				B89332231EACEA1700F216DD /* Sources */,
				B89332241EACEA1700F216DD /* Frameworks */,
				B89332251EACEA1700F216DD /* Resources */,
			);
			buildRules = (
			);
			dependencies = (
			);
			name = Day3_3;
			productName = Day3_3;
			productReference = B89332271EACEA1700F216DD /* Day3_3.app */;
			productType = "com.apple.product-type.application";
		};
/* End PBXNativeTarget section */

/* Begin PBXProject section */
		B893321F1EACEA1700F216DD /* Project object */ = {
			isa = PBXProject;
			attributes = {
				LastSwiftUpdateCheck = 0820;
				LastUpgradeCheck = 0820;
				ORGANIZATIONNAME = "Igor Chemencedji";
				TargetAttributes = {
					B89332261EACEA1700F216DD = {
						CreatedOnToolsVersion = 8.2.1;
						ProvisioningStyle = Automatic;
					};
				};
			};
			buildConfigurationList = B89332221EACEA1700F216DD /* Build configuration list for PBXProject "Day3_3" */;
			compatibilityVersion = "Xcode 3.2";
			developmentRegion = English;
			hasScannedForEncodings = 0;
			knownRegions = (
				en,
				Base,
			);
			mainGroup = B893321E1EACEA1700F216DD;
			productRefGroup = B89332281EACEA1700F216DD /* Products */;
			projectDirPath = "";
			projectRoot = "";
			targets = (
				B89332261EACEA1700F216DD /* Day3_3 */,
			);
		};
/* End PBXProject section */

/* Begin PBXResourcesBuildPhase section */
		B89332251EACEA1700F216DD /* Resources */ = {
			isa = PBXResourcesBuildPhase;
			buildActionMask = 2147483647;
			files = (
				B89332351EACEA1700F216DD /* LaunchScreen.storyboard in Resources */,
				B89332321EACEA1700F216DD /* Assets.xcassets in Resources */,
				B89332301EACEA1700F216DD /* Main.storyboard in Resources */,
			);
			runOnlyForDeploymentPostprocessing = 0;
		};
/* End PBXResourcesBuildPhase section */

/* Begin PBXSourcesBuildPhase section */
		B89332231EACEA1700F216DD /* Sources */ = {
			isa = PBXSourcesBuildPhase;
			buildActionMask = 2147483647;
			files = (
				B893323D1EACEB4900F216DD /* ImageCollectionViewCell.swift in Sources */,
				B893322D1EACEA1700F216DD /* ViewController.swift in Sources */,
				B893322B1EACEA1700F216DD /* AppDelegate.swift in Sources */,
				B88EC55F1EACF13400892B0E /* ScrollViewController.swift in Sources */,
			);
			runOnlyForDeploymentPostprocessing = 0;
		};
/* End PBXSourcesBuildPhase section */

/* Begin PBXVariantGroup section */
		B893322E1EACEA1700F216DD /* Main.storyboard */ = {
			isa = PBXVariantGroup;
			children = (
				B893322F1EACEA1700F216DD /* Base */,
			);
			name = Main.storyboard;
			sourceTree = "<group>";
		};
		B89332331EACEA1700F216DD /* LaunchScreen.storyboard */ = {
			isa = PBXVariantGroup;
			children = (
				B89332341EACEA1700F216DD /* Base */,
			);
			name = LaunchScreen.storyboard;
			sourceTree = "<group>";
		};
/* End PBXVariantGroup section */

/* Begin XCBuildConfiguration section */
		B89332371EACEA1700F216DD /* Debug */ = {
			isa = XCBuildConfiguration;
			buildSettings = {
				ALWAYS_SEARCH_USER_PATHS = NO;
				CLANG_ANALYZER_NONNULL = YES;
				CLANG_CXX_LANGUAGE_STANDARD = "gnu++0x";
				CLANG_CXX_LIBRARY = "libc++";
				CLANG_ENABLE_MODULES = YES;
				CLANG_ENABLE_OBJC_ARC = YES;
				CLANG_WARN_BOOL_CONVERSION = YES;
				CLANG_WARN_CONSTANT_CONVERSION = YES;
				CLANG_WARN_DIRECT_OBJC_ISA_USAGE = YES_ERROR;
				CLANG_WARN_DOCUMENTATION_COMMENTS = YES;
				CLANG_WARN_EMPTY_BODY = YES;
				CLANG_WARN_ENUM_CONVERSION = YES;
				CLANG_WARN_INFINITE_RECURSION = YES;
				CLANG_WARN_INT_CONVERSION = YES;
				CLANG_WARN_OBJC_ROOT_CLASS = YES_ERROR;
				CLANG_WARN_SUSPICIOUS_MOVE = YES;
				CLANG_WARN_UNREACHABLE_CODE = YES;
				CLANG_WARN__DUPLICATE_METHOD_MATCH = YES;
				"CODE_SIGN_IDENTITY[sdk=iphoneos*]" = "iPhone Developer";
				COPY_PHASE_STRIP = NO;
				DEBUG_INFORMATION_FORMAT = dwarf;
				ENABLE_STRICT_OBJC_MSGSEND = YES;
				ENABLE_TESTABILITY = YES;
				GCC_C_LANGUAGE_STANDARD = gnu99;
				GCC_DYNAMIC_NO_PIC = NO;
				GCC_NO_COMMON_BLOCKS = YES;
				GCC_OPTIMIZATION_LEVEL = 0;
				GCC_PREPROCESSOR_DEFINITIONS = (
					"DEBUG=1",
					"$(inherited)",
				);
				GCC_WARN_64_TO_32_BIT_CONVERSION = YES;
				GCC_WARN_ABOUT_RETURN_TYPE = YES_ERROR;
				GCC_WARN_UNDECLARED_SELECTOR = YES;
				GCC_WARN_UNINITIALIZED_AUTOS = YES_AGGRESSIVE;
				GCC_WARN_UNUSED_FUNCTION = YES;
				GCC_WARN_UNUSED_VARIABLE = YES;
				IPHONEOS_DEPLOYMENT_TARGET = 10.2;
				MTL_ENABLE_DEBUG_INFO = YES;
				ONLY_ACTIVE_ARCH = YES;
				SDKROOT = iphoneos;
				SWIFT_ACTIVE_COMPILATION_CONDITIONS = DEBUG;
				SWIFT_OPTIMIZATION_LEVEL = "-Onone";
				TARGETED_DEVICE_FAMILY = "1,2";
			};
			name = Debug;
		};
		B89332381EACEA1700F216DD /* Release */ = {
			isa = XCBuildConfiguration;
			buildSettings = {
				ALWAYS_SEARCH_USER_PATHS = NO;
				CLANG_ANALYZER_NONNULL = YES;
				CLANG_CXX_LANGUAGE_STANDARD = "gnu++0x";
				CLANG_CXX_LIBRARY = "libc++";
				CLANG_ENABLE_MODULES = YES;
				CLANG_ENABLE_OBJC_ARC = YES;
				CLANG_WARN_BOOL_CONVERSION = YES;
				CLANG_WARN_CONSTANT_CONVERSION = YES;
				CLANG_WARN_DIRECT_OBJC_ISA_USAGE = YES_ERROR;
				CLANG_WARN_DOCUMENTATION_COMMENTS = YES;
				CLANG_WARN_EMPTY_BODY = YES;
				CLANG_WARN_ENUM_CONVERSION = YES;
				CLANG_WARN_INFINITE_RECURSION = YES;
				CLANG_WARN_INT_CONVERSION = YES;
				CLANG_WARN_OBJC_ROOT_CLASS = YES_ERROR;
				CLANG_WARN_SUSPICIOUS_MOVE = YES;
				CLANG_WARN_UNREACHABLE_CODE = YES;
				CLANG_WARN__DUPLICATE_METHOD_MATCH = YES;
				"CODE_SIGN_IDENTITY[sdk=iphoneos*]" = "iPhone Developer";
				COPY_PHASE_STRIP = NO;
				DEBUG_INFORMATION_FORMAT = "dwarf-with-dsym";
				ENABLE_NS_ASSERTIONS = NO;
				ENABLE_STRICT_OBJC_MSGSEND = YES;
				GCC_C_LANGUAGE_STANDARD = gnu99;
				GCC_NO_COMMON_BLOCKS = YES;
				GCC_WARN_64_TO_32_BIT_CONVERSION = YES;
				GCC_WARN_ABOUT_RETURN_TYPE = YES_ERROR;
				GCC_WARN_UNDECLARED_SELECTOR = YES;
				GCC_WARN_UNINITIALIZED_AUTOS = YES_AGGRESSIVE;
				GCC_WARN_UNUSED_FUNCTION = YES;
				GCC_WARN_UNUSED_VARIABLE = YES;
				IPHONEOS_DEPLOYMENT_TARGET = 10.2;
				MTL_ENABLE_DEBUG_INFO = NO;
				SDKROOT = iphoneos;
				SWIFT_OPTIMIZATION_LEVEL = "-Owholemodule";
				TARGETED_DEVICE_FAMILY = "1,2";
				VALIDATE_PRODUCT = YES;
			};
			name = Release;
		};
		B893323A1EACEA1700F216DD /* Debug */ = {
			isa = XCBuildConfiguration;
			buildSettings = {
				ASSETCATALOG_COMPILER_APPICON_NAME = AppIcon;
				INFOPLIST_FILE = Day3_3/Info.plist;
				LD_RUNPATH_SEARCH_PATHS = "$(inherited) @executable_path/Frameworks";
				PRODUCT_BUNDLE_IDENTIFIER = "ichemenc.Day3-3";
				PRODUCT_NAME = "$(TARGET_NAME)";
				SWIFT_VERSION = 3.0;
			};
			name = Debug;
		};
		B893323B1EACEA1700F216DD /* Release */ = {
			isa = XCBuildConfiguration;
			buildSettings = {
				ASSETCATALOG_COMPILER_APPICON_NAME = AppIcon;
				INFOPLIST_FILE = Day3_3/Info.plist;
				LD_RUNPATH_SEARCH_PATHS = "$(inherited) @executable_path/Frameworks";
				PRODUCT_BUNDLE_IDENTIFIER = "ichemenc.Day3-3";
				PRODUCT_NAME = "$(TARGET_NAME)";
				SWIFT_VERSION = 3.0;
			};
			name = Release;
		};
/* End XCBuildConfiguration section */

/* Begin XCConfigurationList section */
		B89332221EACEA1700F216DD /* Build configuration list for PBXProject "Day3_3" */ = {
			isa = XCConfigurationList;
			buildConfigurations = (
				B89332371EACEA1700F216DD /* Debug */,
				B89332381EACEA1700F216DD /* Release */,
			);
			defaultConfigurationIsVisible = 0;
			defaultConfigurationName = Release;
		};
		B89332391EACEA1700F216DD /* Build configuration list for PBXNativeTarget "Day3_3" */ = {
			isa = XCConfigurationList;
			buildConfigurations = (
				B893323A1EACEA1700F216DD /* Debug */,
				B893323B1EACEA1700F216DD /* Release */,
			);
			defaultConfigurationIsVisible = 0;
			defaultConfigurationName = Release;
		};
/* End XCConfigurationList section */
	};
	rootObject = B893321F1EACEA1700F216DD /* Project object */;
}
